github.com/nathantebbs/gpac/calculator v0.0.1 h1:IriIrl/mzsSAoeJS7q/JzUp2p2i3r/YYYASFZFLwtQk=
github.com/nathantebbs/gpac/calculator v0.0.1/go.mod h1:pOOCw/KuYAq+S2I552dXx3NfDhsx2DDywUgEPPHn5cY=
github.com/nathantebbs/gpac/student v0.0.1 h1:csOjayMTtBCnDSMVOC8OvKCvEIZHImpuQwLf9NroGSU=
github.com/nathantebbs/gpac/student v0.0.1/go.mod h1:S3s4zjMGS7XYt4T4u0q/2XEJK9Ehk00H2FKHUDLceu4=
